
Microsoft Visual Studio Solution File, Format Version 12.00
# Visual Studio Version 17
VisualStudioVersion = 17.2.32526.322
MinimumVisualStudioVersion = 10.0.40219.1
Project("{FAE04EC0-301F-11D3-BF4B-00C04F79EFBC}") = "MQTTpublisher", "MQTTpublisher.csproj", "{DD4F23FC-15B6-423C-9E4B-7E15D4598E71}"
EndProject
Project("{FAE04EC0-301F-11D3-BF4B-00C04F79EFBC}") = "MQTTSubscriber", "..\MQTTSubscriber\MQTTSubscriber.csproj", "{02AA6CBE-A2F1-489D-9A07-84655CFCAB31}"
EndProject
Global
	GlobalSection(SolutionConfigurationPlatforms) = preSolution
		Debug|Any CPU = Debug|Any CPU
		Release|Any CPU = Release|Any CPU
	EndGlobalSection
	GlobalSection(ProjectConfigurationPlatforms) = postSolution
		{DD4F23FC-15B6-423C-9E4B-7E15D4598E71}.Debug|Any CPU.ActiveCfg = Debug|Any CPU
		{DD4F23FC-15B6-423C-9E4B-7E15D4598E71}.Debug|Any CPU.Build.0 = Debug|Any CPU
		{DD4F23FC-15B6-423C-9E4B-7E15D4598E71}.Release|Any CPU.ActiveCfg = Release|Any CPU
		{DD4F23FC-15B6-423C-9E4B-7E15D4598E71}.Release|Any CPU.Build.0 = Release|Any CPU
		{02AA6CBE-A2F1-489D-9A07-84655CFCAB31}.Debug|Any CPU.ActiveCfg = Debug|Any CPU
		{02AA6CBE-A2F1-489D-9A07-84655CFCAB31}.Debug|Any CPU.Build.0 = Debug|Any CPU
		{02AA6CBE-A2F1-489D-9A07-84655CFCAB31}.Release|Any CPU.ActiveCfg = Release|Any CPU
		{02AA6CBE-A2F1-489D-9A07-84655CFCAB31}.Release|Any CPU.Build.0 = Release|Any CPU
	EndGlobalSection
	GlobalSection(SolutionProperties) = preSolution
		HideSolutionNode = FALSE
	EndGlobalSection
	GlobalSection(ExtensibilityGlobals) = postSolution
		SolutionGuid = {A8C3A073-50C0-4B9E-ADD6-F3CD96BBD318}
	EndGlobalSection
EndGlobal
